
Microsoft Visual Studio Solution File, Format Version 12.00
# Visual Studio 15
VisualStudioVersion = 15.0.26127.0
MinimumVisualStudioVersion = 10.0.40219.1
Project("{9A19103F-16F7-4668-BE54-9A1E7A4F7556}") = "TinyDemo", "TinyDemo\TinyDemo.csproj", "{7CAAA2D1-565B-4C42-9096-558B1937A2EE}"
EndProject
Project("{2150E333-8FDC-42A3-9474-1A3956D46DE8}") = "ext", "ext", "{F0EB4505-681E-436B-BA3A-328E8ADA2FAC}"
EndProject
Project("{9A19103F-16F7-4668-BE54-9A1E7A4F7556}") = "Veldrid", "..\ext\veldrid\src\Veldrid\Veldrid.csproj", "{E022D49C-715F-4D9D-AD7A-A94524814EAA}"
EndProject
Global
	GlobalSection(SolutionConfigurationPlatforms) = preSolution
		Debug|Any CPU = Debug|Any CPU
		Debug|x64 = Debug|x64
		Debug|x86 = Debug|x86
		Release|Any CPU = Release|Any CPU
		Release|x64 = Release|x64
		Release|x86 = Release|x86
	EndGlobalSection
	GlobalSection(ProjectConfigurationPlatforms) = postSolution
		{7CAAA2D1-565B-4C42-9096-558B1937A2EE}.Debug|Any CPU.ActiveCfg = Debug|Any CPU
		{7CAAA2D1-565B-4C42-9096-558B1937A2EE}.Debug|Any CPU.Build.0 = Debug|Any CPU
		{7CAAA2D1-565B-4C42-9096-558B1937A2EE}.Debug|x64.ActiveCfg = Debug|x64
		{7CAAA2D1-565B-4C42-9096-558B1937A2EE}.Debug|x64.Build.0 = Debug|x64
		{7CAAA2D1-565B-4C42-9096-558B1937A2EE}.Debug|x86.ActiveCfg = Debug|x86
		{7CAAA2D1-565B-4C42-9096-558B1937A2EE}.Debug|x86.Build.0 = Debug|x86
		{7CAAA2D1-565B-4C42-9096-558B1937A2EE}.Release|Any CPU.ActiveCfg = Release|Any CPU
		{7CAAA2D1-565B-4C42-9096-558B1937A2EE}.Release|Any CPU.Build.0 = Release|Any CPU
		{7CAAA2D1-565B-4C42-9096-558B1937A2EE}.Release|x64.ActiveCfg = Release|x64
		{7CAAA2D1-565B-4C42-9096-558B1937A2EE}.Release|x64.Build.0 = Release|x64
		{7CAAA2D1-565B-4C42-9096-558B1937A2EE}.Release|x86.ActiveCfg = Release|x86
		{7CAAA2D1-565B-4C42-9096-558B1937A2EE}.Release|x86.Build.0 = Release|x86
		{E022D49C-715F-4D9D-AD7A-A94524814EAA}.Debug|Any CPU.ActiveCfg = Debug|Any CPU
		{E022D49C-715F-4D9D-AD7A-A94524814EAA}.Debug|Any CPU.Build.0 = Debug|Any CPU
		{E022D49C-715F-4D9D-AD7A-A94524814EAA}.Debug|x64.ActiveCfg = Debug|x64
		{E022D49C-715F-4D9D-AD7A-A94524814EAA}.Debug|x64.Build.0 = Debug|x64
		{E022D49C-715F-4D9D-AD7A-A94524814EAA}.Debug|x86.ActiveCfg = Debug|x86
		{E022D49C-715F-4D9D-AD7A-A94524814EAA}.Debug|x86.Build.0 = Debug|x86
		{E022D49C-715F-4D9D-AD7A-A94524814EAA}.Release|Any CPU.ActiveCfg = Release|Any CPU
		{E022D49C-715F-4D9D-AD7A-A94524814EAA}.Release|Any CPU.Build.0 = Release|Any CPU
		{E022D49C-715F-4D9D-AD7A-A94524814EAA}.Release|x64.ActiveCfg = Release|x64
		{E022D49C-715F-4D9D-AD7A-A94524814EAA}.Release|x64.Build.0 = Release|x64
		{E022D49C-715F-4D9D-AD7A-A94524814EAA}.Release|x86.ActiveCfg = Release|x86
		{E022D49C-715F-4D9D-AD7A-A94524814EAA}.Release|x86.Build.0 = Release|x86
	EndGlobalSection
	GlobalSection(SolutionProperties) = preSolution
		HideSolutionNode = FALSE
	EndGlobalSection
	GlobalSection(NestedProjects) = preSolution
		{E022D49C-715F-4D9D-AD7A-A94524814EAA} = {F0EB4505-681E-436B-BA3A-328E8ADA2FAC}
	EndGlobalSection
EndGlobal
