
Microsoft Visual Studio Solution File, Format Version 12.00
# Visual Studio 15
VisualStudioVersion = 15.0.27004.2002
MinimumVisualStudioVersion = 10.0.40219.1
Project("{9A19103F-16F7-4668-BE54-9A1E7A4F7556}") = "TinyDemo", "TinyDemo\TinyDemo.csproj", "{7CAAA2D1-565B-4C42-9096-558B1937A2EE}"
EndProject
Project("{2150E333-8FDC-42A3-9474-1A3956D46DE8}") = "ext", "ext", "{F0EB4505-681E-436B-BA3A-328E8ADA2FAC}"
EndProject
Project("{9A19103F-16F7-4668-BE54-9A1E7A4F7556}") = "Veldrid", "..\ext\veldrid\src\Veldrid\Veldrid.csproj", "{E022D49C-715F-4D9D-AD7A-A94524814EAA}"
EndProject
Project("{9A19103F-16F7-4668-BE54-9A1E7A4F7556}") = "Veldrid.Primitives", "..\ext\veldrid\src\Veldrid.Primitives\Veldrid.Primitives.csproj", "{7A4A0C17-A897-4D06-9776-D36340D03D8D}"
EndProject
Project("{9A19103F-16F7-4668-BE54-9A1E7A4F7556}") = "Veldrid.StartupUtilities", "..\ext\veldrid\src\Veldrid.StartupUtilities\Veldrid.StartupUtilities.csproj", "{04D0F10D-24BE-49C9-825E-AA0B4B6193B0}"
EndProject
Project("{9A19103F-16F7-4668-BE54-9A1E7A4F7556}") = "Veldrid.Sdl2", "..\ext\veldrid\src\Veldrid.Sdl2\Veldrid.Sdl2.csproj", "{25E8059D-5AA9-4BB6-8656-8C9F36B427D7}"
EndProject
Global
	GlobalSection(SolutionConfigurationPlatforms) = preSolution
		Debug|Any CPU = Debug|Any CPU
		Debug|x64 = Debug|x64
		Debug|x86 = Debug|x86
		Release|Any CPU = Release|Any CPU
		Release|x64 = Release|x64
		Release|x86 = Release|x86
	EndGlobalSection
	GlobalSection(ProjectConfigurationPlatforms) = postSolution
		{7CAAA2D1-565B-4C42-9096-558B1937A2EE}.Debug|Any CPU.ActiveCfg = Debug|Any CPU
		{7CAAA2D1-565B-4C42-9096-558B1937A2EE}.Debug|Any CPU.Build.0 = Debug|Any CPU
		{7CAAA2D1-565B-4C42-9096-558B1937A2EE}.Debug|x64.ActiveCfg = Debug|Any CPU
		{7CAAA2D1-565B-4C42-9096-558B1937A2EE}.Debug|x64.Build.0 = Debug|Any CPU
		{7CAAA2D1-565B-4C42-9096-558B1937A2EE}.Debug|x86.ActiveCfg = Debug|Any CPU
		{7CAAA2D1-565B-4C42-9096-558B1937A2EE}.Debug|x86.Build.0 = Debug|Any CPU
		{7CAAA2D1-565B-4C42-9096-558B1937A2EE}.Release|Any CPU.ActiveCfg = Release|Any CPU
		{7CAAA2D1-565B-4C42-9096-558B1937A2EE}.Release|Any CPU.Build.0 = Release|Any CPU
		{7CAAA2D1-565B-4C42-9096-558B1937A2EE}.Release|x64.ActiveCfg = Release|Any CPU
		{7CAAA2D1-565B-4C42-9096-558B1937A2EE}.Release|x64.Build.0 = Release|Any CPU
		{7CAAA2D1-565B-4C42-9096-558B1937A2EE}.Release|x86.ActiveCfg = Release|Any CPU
		{7CAAA2D1-565B-4C42-9096-558B1937A2EE}.Release|x86.Build.0 = Release|Any CPU
		{E022D49C-715F-4D9D-AD7A-A94524814EAA}.Debug|Any CPU.ActiveCfg = Debug|Any CPU
		{E022D49C-715F-4D9D-AD7A-A94524814EAA}.Debug|Any CPU.Build.0 = Debug|Any CPU
		{E022D49C-715F-4D9D-AD7A-A94524814EAA}.Debug|x64.ActiveCfg = Debug|Any CPU
		{E022D49C-715F-4D9D-AD7A-A94524814EAA}.Debug|x64.Build.0 = Debug|Any CPU
		{E022D49C-715F-4D9D-AD7A-A94524814EAA}.Debug|x86.ActiveCfg = Debug|Any CPU
		{E022D49C-715F-4D9D-AD7A-A94524814EAA}.Debug|x86.Build.0 = Debug|Any CPU
		{E022D49C-715F-4D9D-AD7A-A94524814EAA}.Release|Any CPU.ActiveCfg = Release|Any CPU
		{E022D49C-715F-4D9D-AD7A-A94524814EAA}.Release|Any CPU.Build.0 = Release|Any CPU
		{E022D49C-715F-4D9D-AD7A-A94524814EAA}.Release|x64.ActiveCfg = Release|Any CPU
		{E022D49C-715F-4D9D-AD7A-A94524814EAA}.Release|x64.Build.0 = Release|Any CPU
		{E022D49C-715F-4D9D-AD7A-A94524814EAA}.Release|x86.ActiveCfg = Release|Any CPU
		{E022D49C-715F-4D9D-AD7A-A94524814EAA}.Release|x86.Build.0 = Release|Any CPU
		{7A4A0C17-A897-4D06-9776-D36340D03D8D}.Debug|Any CPU.ActiveCfg = Debug|Any CPU
		{7A4A0C17-A897-4D06-9776-D36340D03D8D}.Debug|Any CPU.Build.0 = Debug|Any CPU
		{7A4A0C17-A897-4D06-9776-D36340D03D8D}.Debug|x64.ActiveCfg = Debug|Any CPU
		{7A4A0C17-A897-4D06-9776-D36340D03D8D}.Debug|x64.Build.0 = Debug|Any CPU
		{7A4A0C17-A897-4D06-9776-D36340D03D8D}.Debug|x86.ActiveCfg = Debug|Any CPU
		{7A4A0C17-A897-4D06-9776-D36340D03D8D}.Debug|x86.Build.0 = Debug|Any CPU
		{7A4A0C17-A897-4D06-9776-D36340D03D8D}.Release|Any CPU.ActiveCfg = Release|Any CPU
		{7A4A0C17-A897-4D06-9776-D36340D03D8D}.Release|Any CPU.Build.0 = Release|Any CPU
		{7A4A0C17-A897-4D06-9776-D36340D03D8D}.Release|x64.ActiveCfg = Release|Any CPU
		{7A4A0C17-A897-4D06-9776-D36340D03D8D}.Release|x64.Build.0 = Release|Any CPU
		{7A4A0C17-A897-4D06-9776-D36340D03D8D}.Release|x86.ActiveCfg = Release|Any CPU
		{7A4A0C17-A897-4D06-9776-D36340D03D8D}.Release|x86.Build.0 = Release|Any CPU
		{04D0F10D-24BE-49C9-825E-AA0B4B6193B0}.Debug|Any CPU.ActiveCfg = Debug|Any CPU
		{04D0F10D-24BE-49C9-825E-AA0B4B6193B0}.Debug|Any CPU.Build.0 = Debug|Any CPU
		{04D0F10D-24BE-49C9-825E-AA0B4B6193B0}.Debug|x64.ActiveCfg = Debug|Any CPU
		{04D0F10D-24BE-49C9-825E-AA0B4B6193B0}.Debug|x64.Build.0 = Debug|Any CPU
		{04D0F10D-24BE-49C9-825E-AA0B4B6193B0}.Debug|x86.ActiveCfg = Debug|Any CPU
		{04D0F10D-24BE-49C9-825E-AA0B4B6193B0}.Debug|x86.Build.0 = Debug|Any CPU
		{04D0F10D-24BE-49C9-825E-AA0B4B6193B0}.Release|Any CPU.ActiveCfg = Release|Any CPU
		{04D0F10D-24BE-49C9-825E-AA0B4B6193B0}.Release|Any CPU.Build.0 = Release|Any CPU
		{04D0F10D-24BE-49C9-825E-AA0B4B6193B0}.Release|x64.ActiveCfg = Release|Any CPU
		{04D0F10D-24BE-49C9-825E-AA0B4B6193B0}.Release|x64.Build.0 = Release|Any CPU
		{04D0F10D-24BE-49C9-825E-AA0B4B6193B0}.Release|x86.ActiveCfg = Release|Any CPU
		{04D0F10D-24BE-49C9-825E-AA0B4B6193B0}.Release|x86.Build.0 = Release|Any CPU
		{25E8059D-5AA9-4BB6-8656-8C9F36B427D7}.Debug|Any CPU.ActiveCfg = Debug|Any CPU
		{25E8059D-5AA9-4BB6-8656-8C9F36B427D7}.Debug|Any CPU.Build.0 = Debug|Any CPU
		{25E8059D-5AA9-4BB6-8656-8C9F36B427D7}.Debug|x64.ActiveCfg = Debug|Any CPU
		{25E8059D-5AA9-4BB6-8656-8C9F36B427D7}.Debug|x64.Build.0 = Debug|Any CPU
		{25E8059D-5AA9-4BB6-8656-8C9F36B427D7}.Debug|x86.ActiveCfg = Debug|Any CPU
		{25E8059D-5AA9-4BB6-8656-8C9F36B427D7}.Debug|x86.Build.0 = Debug|Any CPU
		{25E8059D-5AA9-4BB6-8656-8C9F36B427D7}.Release|Any CPU.ActiveCfg = Release|Any CPU
		{25E8059D-5AA9-4BB6-8656-8C9F36B427D7}.Release|Any CPU.Build.0 = Release|Any CPU
		{25E8059D-5AA9-4BB6-8656-8C9F36B427D7}.Release|x64.ActiveCfg = Release|Any CPU
		{25E8059D-5AA9-4BB6-8656-8C9F36B427D7}.Release|x64.Build.0 = Release|Any CPU
		{25E8059D-5AA9-4BB6-8656-8C9F36B427D7}.Release|x86.ActiveCfg = Release|Any CPU
		{25E8059D-5AA9-4BB6-8656-8C9F36B427D7}.Release|x86.Build.0 = Release|Any CPU
	EndGlobalSection
	GlobalSection(SolutionProperties) = preSolution
		HideSolutionNode = FALSE
	EndGlobalSection
	GlobalSection(NestedProjects) = preSolution
		{E022D49C-715F-4D9D-AD7A-A94524814EAA} = {F0EB4505-681E-436B-BA3A-328E8ADA2FAC}
		{7A4A0C17-A897-4D06-9776-D36340D03D8D} = {F0EB4505-681E-436B-BA3A-328E8ADA2FAC}
		{04D0F10D-24BE-49C9-825E-AA0B4B6193B0} = {F0EB4505-681E-436B-BA3A-328E8ADA2FAC}
		{25E8059D-5AA9-4BB6-8656-8C9F36B427D7} = {F0EB4505-681E-436B-BA3A-328E8ADA2FAC}
	EndGlobalSection
	GlobalSection(ExtensibilityGlobals) = postSolution
		SolutionGuid = {29C2643B-75EF-4766-93C5-8BC9DA12213B}
	EndGlobalSection
EndGlobal
